{
  "originHash" : "79e59a4a230f3b93838c0a79d292178395ab177dc536936cfc7f725a01ad7358",
  "pins" : [
    {
      "identity" : "elementary",
      "kind" : "remoteSourceControl",
      "location" : "https://github.com/sliemeobn/elementary.git",
      "state" : {
        "branch" : "5994b0c",
        "revision" : "5994b0c76131df8a7c6f17d57bc1f5c8b818dcbe"
      }
    },
    {
      "identity" : "swift-snapshot-testing",
      "kind" : "remoteSourceControl",
      "location" : "https://github.com/pointfreeco/swift-snapshot-testing.git",
      "state" : {
        "revision" : "7b0bbbae90c41f848f90ac7b4df6c4f50068256d",
        "version" : "1.17.5"
      }
    },
    {
      "identity" : "swift-syntax",
      "kind" : "remoteSourceControl",
      "location" : "https://github.com/swiftlang/swift-syntax",
      "state" : {
        "revision" : "cb53fa1bd3219b0b23ded7dfdd3b2baff266fd25",
        "version" : "600.0.0"
      }
    }
  ],
  "version" : 3
}
